
Microsoft Visual Studio Solution File, Format Version 12.00
# Visual Studio 15
Project("{FAE04EC0-301F-11D3-BF4B-00C04F79EFBC}") = "Assembly-CSharp", "Assembly-CSharp.csproj", "{79022D91-196B-A1D9-D8FA-C2858A18B380}"
EndProject
Project("{FAE04EC0-301F-11D3-BF4B-00C04F79EFBC}") = "Assembly-CSharp-Editor-firstpass", "Assembly-CSharp-Editor-firstpass.csproj", "{B14C5140-6977-5923-A9A0-9A25729F97B4}"
EndProject
Global
	GlobalSection(SolutionConfigurationPlatforms) = preSolution
		Debug|Any CPU = Debug|Any CPU
		Release|Any CPU = Release|Any CPU
	EndGlobalSection
	GlobalSection(ProjectConfigurationPlatforms) = postSolution
		{79022D91-196B-A1D9-D8FA-C2858A18B380}.Debug|Any CPU.ActiveCfg = Debug|Any CPU
		{79022D91-196B-A1D9-D8FA-C2858A18B380}.Debug|Any CPU.Build.0 = Debug|Any CPU
		{79022D91-196B-A1D9-D8FA-C2858A18B380}.Release|Any CPU.ActiveCfg = Release|Any CPU
		{79022D91-196B-A1D9-D8FA-C2858A18B380}.Release|Any CPU.Build.0 = Release|Any CPU
		{B14C5140-6977-5923-A9A0-9A25729F97B4}.Debug|Any CPU.ActiveCfg = Debug|Any CPU
		{B14C5140-6977-5923-A9A0-9A25729F97B4}.Debug|Any CPU.Build.0 = Debug|Any CPU
		{B14C5140-6977-5923-A9A0-9A25729F97B4}.Release|Any CPU.ActiveCfg = Release|Any CPU
		{B14C5140-6977-5923-A9A0-9A25729F97B4}.Release|Any CPU.Build.0 = Release|Any CPU
	EndGlobalSection
	GlobalSection(SolutionProperties) = preSolution
		HideSolutionNode = FALSE
	EndGlobalSection
EndGlobal
